
Microsoft Visual Studio Solution File, Format Version 12.00
# Visual Studio Version 17
VisualStudioVersion = 17.3.32929.385
MinimumVisualStudioVersion = 10.0.40219.1
Project("{FAE04EC0-301F-11D3-BF4B-00C04F79EFBC}") = "U2AC2_C_ManuelQuistian", "U2AC2_C_ManuelQuistian\U2AC2_C_ManuelQuistian.csproj", "{39DC8CAA-D0FD-4795-B95B-121498F25893}"
EndProject
Global
	GlobalSection(SolutionConfigurationPlatforms) = preSolution
		Debug|Any CPU = Debug|Any CPU
		Release|Any CPU = Release|Any CPU
	EndGlobalSection
	GlobalSection(ProjectConfigurationPlatforms) = postSolution
		{39DC8CAA-D0FD-4795-B95B-121498F25893}.Debug|Any CPU.ActiveCfg = Debug|Any CPU
		{39DC8CAA-D0FD-4795-B95B-121498F25893}.Debug|Any CPU.Build.0 = Debug|Any CPU
		{39DC8CAA-D0FD-4795-B95B-121498F25893}.Release|Any CPU.ActiveCfg = Release|Any CPU
		{39DC8CAA-D0FD-4795-B95B-121498F25893}.Release|Any CPU.Build.0 = Release|Any CPU
	EndGlobalSection
	GlobalSection(SolutionProperties) = preSolution
		HideSolutionNode = FALSE
	EndGlobalSection
	GlobalSection(ExtensibilityGlobals) = postSolution
		SolutionGuid = {C872E57B-1FFD-464F-9B0C-E1602F094D4E}
	EndGlobalSection
EndGlobal
